
Microsoft Visual Studio Solution File, Format Version 12.00
# Visual Studio Version 17
VisualStudioVersion = 17.14.36408.4 d17.14
MinimumVisualStudioVersion = 10.0.40219.1
Project("{FAE04EC0-301F-11D3-BF4B-00C04F79EFBC}") = "SocialMediaFeedSystem", "SocialMediaFeedSystem\SocialMediaFeedSystem.csproj", "{FEA90FDA-EBA3-41C4-BEC3-B64590823078}"
EndProject
Global
	GlobalSection(SolutionConfigurationPlatforms) = preSolution
		Debug|Any CPU = Debug|Any CPU
		Release|Any CPU = Release|Any CPU
	EndGlobalSection
	GlobalSection(ProjectConfigurationPlatforms) = postSolution
		{FEA90FDA-EBA3-41C4-BEC3-B64590823078}.Debug|Any CPU.ActiveCfg = Debug|Any CPU
		{FEA90FDA-EBA3-41C4-BEC3-B64590823078}.Debug|Any CPU.Build.0 = Debug|Any CPU
		{FEA90FDA-EBA3-41C4-BEC3-B64590823078}.Release|Any CPU.ActiveCfg = Release|Any CPU
		{FEA90FDA-EBA3-41C4-BEC3-B64590823078}.Release|Any CPU.Build.0 = Release|Any CPU
	EndGlobalSection
	GlobalSection(SolutionProperties) = preSolution
		HideSolutionNode = FALSE
	EndGlobalSection
	GlobalSection(ExtensibilityGlobals) = postSolution
		SolutionGuid = {B421B34B-8B46-4BCD-B7A8-A4259F37F955}
	EndGlobalSection
EndGlobal
